{
  "name": "smit-nuxt-module",
  "version": "1.0.9",
  "lockfileVersion": 1,
  "requires": true,
  "dependencies": {
    "@types/node": {
      "version": "14.0.4",
      "resolved": "https://registry.npmjs.org/@types/node/-/node-14.0.4.tgz",
      "integrity": "sha512-k3NqigXWRzQZVBDS5D1U70A5E8Qk4Kh+Ha/x4M8Bt9pF0X05eggfnC9+63Usc9Q928hRUIpIhTQaXsZwZBl4Ew==",
      "dev": true
    },
    "nuxt-property-decorator": {
      "version": "2.7.2",
      "resolved": "https://registry.npmjs.org/nuxt-property-decorator/-/nuxt-property-decorator-2.7.2.tgz",
      "integrity": "sha512-B80C7APpniIziuTS2uLLRostYYeuinP+yxRgG1m3Q7ErRxXqAefPe+18pxGi9spt4PMTSmpijgOXx3lCKL7B8g==",
      "requires": {
        "vue-class-component": "7.2.3",
        "vue-property-decorator": "^8.4.1",
        "vuex": "^3.2.0",
        "vuex-class": "^0.3.2",
        "vuex-module-decorators": "^0.16.1"
      }
    },
    "vue-class-component": {
      "version": "7.2.3",
      "resolved": "https://registry.npmjs.org/vue-class-component/-/vue-class-component-7.2.3.tgz",
      "integrity": "sha512-oEqYpXKaFN+TaXU+mRLEx8dX0ah85aAJEe61mpdoUrq0Bhe/6sWhyZX1JjMQLhVsHAkncyhedhmCdDVSasUtDw=="
    },
    "vue-property-decorator": {
      "version": "8.4.2",
      "resolved": "https://registry.npmjs.org/vue-property-decorator/-/vue-property-decorator-8.4.2.tgz",
      "integrity": "sha512-IqbARlvgPE2pzKfbecKxsu2yEH0Wv7hfHR6m4eZA3LTnNw9hveAX77vDfLFyTeMISS5N7Kucp/xRSHjcQ6bAfQ==",
      "requires": {
        "vue-class-component": "^7.1.0"
      }
    },
    "vuex": {
      "version": "3.4.0",
      "resolved": "https://registry.npmjs.org/vuex/-/vuex-3.4.0.tgz",
      "integrity": "sha512-ajtqwEW/QhnrBZQsZxCLHThZZaa+Db45c92Asf46ZDXu6uHXgbfVuBaJ4gzD2r4UX0oMJHstFwd2r2HM4l8umg=="
    },
    "vuex-class": {
      "version": "0.3.2",
      "resolved": "https://registry.npmjs.org/vuex-class/-/vuex-class-0.3.2.tgz",
      "integrity": "sha512-m0w7/FMsNcwJgunJeM+wcNaHzK2KX1K1rw2WUQf7Q16ndXHo7pflRyOV/E8795JO/7fstyjH3EgqBI4h4n4qXQ=="
    },
    "vuex-module-decorators": {
      "version": "0.16.1",
      "resolved": "https://registry.npmjs.org/vuex-module-decorators/-/vuex-module-decorators-0.16.1.tgz",
      "integrity": "sha512-Zz8HF2rMoDYf78uOBbWCq8wGFFo7YyNWc10Yj2eScKxVoRMla9HnFpiqvI3Dm0cLyOnBBklCn1AFUys62BZGAw=="
    }
  }
}
